{
    "name": "@bighuman/dependent",
    "version": "0.0.2-git-submodules",
    "lockfileVersion": 2,
    "requires": true,
    "packages": {
        "": {
            "name": "@bighuman/dependent",
            "version": "0.0.2-git-submodules",
            "workspaces": [
                "packages/**"
            ],
            "dependencies": {
                "@bighuman/dependency": "0.0.2-git-submodules"
            }
        },
        "node_modules/@bighuman/dependency": {
            "resolved": "packages/dependency",
            "link": true
        },
        "packages/dependency": {
            "name": "@bighuman/dependency",
            "version": "0.0.2-git-submodules"
        }
    },
    "dependencies": {
        "@bighuman/dependency": {
            "version": "file:packages/dependency"
        }
    }
}
